<?xml version="1.0" encoding="utf-8"?>
<Project ToolsVersion="4.0" xmlns="http://schemas.microsoft.com/developer/msbuild/2003">
  <ItemGroup>
    <ClCompile Include="main.cpp" />
    <ClCompile Include="IoT\IoTManager.cpp">
      <Filter>IoT</Filter>
    </ClCompile>
    <ClCompile Include="Network\TcpClient.cpp">
      <Filter>Network</Filter>
    </ClCompile>
    <ClCompile Include="Network\TcpServer.cpp">
      <Filter>Network</Filter>
    </ClCompile>
    <ClCompile Include="Utility\file.cpp">
      <Filter>Utility</Filter>
    </ClCompile>
    <ClCompile Include="Utility\JsonUtility.cpp">
      <Filter>Utility</Filter>
    </ClCompile>
    <ClCompile Include="Utility\rs232.cpp">
      <Filter>Utility</Filter>
    </ClCompile>
    <ClCompile Include="Utility\SystemUtility.cpp">
      <Filter>Utility</Filter>
    </ClCompile>
    <ClCompile Include="Utility\thread.cpp">
      <Filter>Utility</Filter>
    </ClCompile>
    <ClCompile Include="Broker\CloudBridge.cpp">
      <Filter>Broker</Filter>
    </ClCompile>
    <ClCompile Include="Network\UdpServer.cpp">
      <Filter>Network</Filter>
    </ClCompile>
    <ClCompile Include="IoT\BrocastServer.cpp">
      <Filter>IoT</Filter>
    </ClCompile>
    <ClCompile Include="Broker\BrokerController.cpp">
      <Filter>Broker</Filter>
    </ClCompile>
    <ClCompile Include="Broker\XBeeBroker_ApiMode.cpp">
      <Filter>Broker</Filter>
    </ClCompile>
    <ClCompile Include="Broker\XBee\XBeeApiLibrary.cpp">
      <Filter>Broker\XBee</Filter>
    </ClCompile>
    <ClCompile Include="Broker\IBroker.cpp">
      <Filter>Broker</Filter>
    </ClCompile>
    <ClCompile Include="jansson2.7\dump.c">
      <Filter>jansson2.7</Filter>
    </ClCompile>
    <ClCompile Include="jansson2.7\error.c">
      <Filter>jansson2.7</Filter>
    </ClCompile>
    <ClCompile Include="jansson2.7\hashtable.c">
      <Filter>jansson2.7</Filter>
    </ClCompile>
    <ClCompile Include="jansson2.7\hashtable_seed.c">
      <Filter>jansson2.7</Filter>
    </ClCompile>
    <ClCompile Include="jansson2.7\load.c">
      <Filter>jansson2.7</Filter>
    </ClCompile>
    <ClCompile Include="jansson2.7\memory.c">
      <Filter>jansson2.7</Filter>
    </ClCompile>
    <ClCompile Include="jansson2.7\pack_unpack.c">
      <Filter>jansson2.7</Filter>
    </ClCompile>
    <ClCompile Include="jansson2.7\strbuffer.c">
      <Filter>jansson2.7</Filter>
    </ClCompile>
    <ClCompile Include="jansson2.7\strconv.c">
      <Filter>jansson2.7</Filter>
    </ClCompile>
    <ClCompile Include="jansson2.7\utf.c">
      <Filter>jansson2.7</Filter>
    </ClCompile>
    <ClCompile Include="jansson2.7\value.c">
      <Filter>jansson2.7</Filter>
    </ClCompile>
    <ClCompile Include="IoT\Ruler.cpp">
      <Filter>IoT</Filter>
    </ClCompile>
    <ClCompile Include="Broker\FakeBroker.cpp">
      <Filter>Broker</Filter>
    </ClCompile>
    <ClCompile Include="Broker\CloudUploader.cpp">
      <Filter>Broker</Filter>
    </ClCompile>
    <ClCompile Include="IoT\IoTUtility.cpp">
      <Filter>IoT\utility</Filter>
    </ClCompile>
    <ClCompile Include="IoT\IoTPackage.cpp">
      <Filter>IoT\utility</Filter>
    </ClCompile>
    <ClCompile Include="IoT\IoTDevice.cpp">
      <Filter>IoT\utility</Filter>
    </ClCompile>
    <ClCompile Include="IoT\IoTComponent.cpp">
      <Filter>IoT\utility</Filter>
    </ClCompile>
  </ItemGroup>
  <ItemGroup>
    <Filter Include="Utility">
      <UniqueIdentifier>{c13afb43-9b32-429a-8c56-6a81dd3ec42d}</UniqueIdentifier>
    </Filter>
    <Filter Include="Network">
      <UniqueIdentifier>{01fed1b3-2184-4247-9b69-165d53a6de14}</UniqueIdentifier>
    </Filter>
    <Filter Include="IoT">
      <UniqueIdentifier>{e3aac367-aa02-4f06-a3f2-a1464a009221}</UniqueIdentifier>
    </Filter>
    <Filter Include="Broker">
      <UniqueIdentifier>{da45e6a4-dd75-4d95-be65-f6d32e25df82}</UniqueIdentifier>
    </Filter>
    <Filter Include="Broker\XBee">
      <UniqueIdentifier>{e535801f-d01c-44f3-9e37-e06a614310cc}</UniqueIdentifier>
    </Filter>
    <Filter Include="jansson2.7">
      <UniqueIdentifier>{cf14f99e-28a6-4ee6-80c6-0a9b86b25b02}</UniqueIdentifier>
    </Filter>
    <Filter Include="IoT\utility">
      <UniqueIdentifier>{cbda74e6-935b-4cbe-909f-451840fbc65f}</UniqueIdentifier>
    </Filter>
  </ItemGroup>
  <ItemGroup>
    <ClInclude Include="IoT\IoTManager.h">
      <Filter>IoT</Filter>
    </ClInclude>
    <ClInclude Include="Network\TcpClient.h">
      <Filter>Network</Filter>
    </ClInclude>
    <ClInclude Include="Network\TcpServer.h">
      <Filter>Network</Filter>
    </ClInclude>
    <ClInclude Include="Utility\file.h">
      <Filter>Utility</Filter>
    </ClInclude>
    <ClInclude Include="Utility\JsonUtility.h">
      <Filter>Utility</Filter>
    </ClInclude>
    <ClInclude Include="Utility\NetworkUtility.h">
      <Filter>Utility</Filter>
    </ClInclude>
    <ClInclude Include="Utility\rs232.h">
      <Filter>Utility</Filter>
    </ClInclude>
    <ClInclude Include="Utility\SystemUtility.h">
      <Filter>Utility</Filter>
    </ClInclude>
    <ClInclude Include="Utility\thread.h">
      <Filter>Utility</Filter>
    </ClInclude>
    <ClInclude Include="Broker\CloudBridge.h">
      <Filter>Broker</Filter>
    </ClInclude>
    <ClInclude Include="Network\UdpServer.h">
      <Filter>Network</Filter>
    </ClInclude>
    <ClInclude Include="IoT\BrocastServer.h">
      <Filter>IoT</Filter>
    </ClInclude>
    <ClInclude Include="Broker\IBroker.h">
      <Filter>Broker</Filter>
    </ClInclude>
    <ClInclude Include="Broker\BrokerController.h">
      <Filter>Broker</Filter>
    </ClInclude>
    <ClInclude Include="Broker\XBeeBroker_ApiMode.h">
      <Filter>Broker</Filter>
    </ClInclude>
    <ClInclude Include="Broker\XBee\XBeeApiLibrary.h">
      <Filter>Broker\XBee</Filter>
    </ClInclude>
    <ClInclude Include="jansson2.7\hashtable.h">
      <Filter>jansson2.7</Filter>
    </ClInclude>
    <ClInclude Include="jansson2.7\jansson.h">
      <Filter>jansson2.7</Filter>
    </ClInclude>
    <ClInclude Include="jansson2.7\jansson_config.h">
      <Filter>jansson2.7</Filter>
    </ClInclude>
    <ClInclude Include="jansson2.7\jansson_private.h">
      <Filter>jansson2.7</Filter>
    </ClInclude>
    <ClInclude Include="jansson2.7\lookup3.h">
      <Filter>jansson2.7</Filter>
    </ClInclude>
    <ClInclude Include="jansson2.7\strbuffer.h">
      <Filter>jansson2.7</Filter>
    </ClInclude>
    <ClInclude Include="jansson2.7\utf.h">
      <Filter>jansson2.7</Filter>
    </ClInclude>
    <ClInclude Include="IoT\Ruler.h">
      <Filter>IoT</Filter>
    </ClInclude>
    <ClInclude Include="Broker\FakeBroker.h">
      <Filter>Broker</Filter>
    </ClInclude>
    <ClInclude Include="Broker\CloudUploader.h">
      <Filter>Broker</Filter>
    </ClInclude>
    <ClInclude Include="IoT\IoTUtility.h">
      <Filter>IoT\utility</Filter>
    </ClInclude>
    <ClInclude Include="IoT\IoTRule.h">
      <Filter>IoT\utility</Filter>
    </ClInclude>
    <ClInclude Include="IoT\IoTPackage.h">
      <Filter>IoT\utility</Filter>
    </ClInclude>
    <ClInclude Include="IoT\IoTDevice.h">
      <Filter>IoT\utility</Filter>
    </ClInclude>
    <ClInclude Include="IoT\IoTCommand.h">
      <Filter>IoT\utility</Filter>
    </ClInclude>
    <ClInclude Include="IoT\IoTComponent.h">
      <Filter>IoT\utility</Filter>
    </ClInclude>
    <ClInclude Include="main.h" />
  </ItemGroup>
</Project>